
Microsoft Visual Studio Solution File, Format Version 12.00
# Visual Studio Version 17
VisualStudioVersion = 17.2.32630.192
MinimumVisualStudioVersion = 10.0.40219.1
Project("{FAE04EC0-301F-11D3-BF4B-00C04F79EFBC}") = "WSClient", "WSClient\WSClient.csproj", "{0BBE70B2-A170-47DF-8F1B-D32157D0C906}"
EndProject
Global
	GlobalSection(SolutionConfigurationPlatforms) = preSolution
		Debug|Any CPU = Debug|Any CPU
		Release|Any CPU = Release|Any CPU
	EndGlobalSection
	GlobalSection(ProjectConfigurationPlatforms) = postSolution
		{0BBE70B2-A170-47DF-8F1B-D32157D0C906}.Debug|Any CPU.ActiveCfg = Debug|Any CPU
		{0BBE70B2-A170-47DF-8F1B-D32157D0C906}.Debug|Any CPU.Build.0 = Debug|Any CPU
		{0BBE70B2-A170-47DF-8F1B-D32157D0C906}.Release|Any CPU.ActiveCfg = Release|Any CPU
		{0BBE70B2-A170-47DF-8F1B-D32157D0C906}.Release|Any CPU.Build.0 = Release|Any CPU
	EndGlobalSection
	GlobalSection(SolutionProperties) = preSolution
		HideSolutionNode = FALSE
	EndGlobalSection
	GlobalSection(ExtensibilityGlobals) = postSolution
		SolutionGuid = {81CA544F-1EE3-43A3-8715-357322A4C548}
	EndGlobalSection
EndGlobal
